
Microsoft Visual Studio Solution File, Format Version 12.00
# Visual Studio Version 17
VisualStudioVersion = 17.1.32407.343
MinimumVisualStudioVersion = 10.0.40219.1
Project("{9A19103F-16F7-4668-BE54-9A1E7A4F7556}") = "UniFelice", "UniFelice\UniFelice.csproj", "{D709B81F-B6F6-4ED0-8300-B4B1A656F5BF}"
EndProject
Global
	GlobalSection(SolutionConfigurationPlatforms) = preSolution
		Debug|Any CPU = Debug|Any CPU
		Release|Any CPU = Release|Any CPU
	EndGlobalSection
	GlobalSection(ProjectConfigurationPlatforms) = postSolution
		{D709B81F-B6F6-4ED0-8300-B4B1A656F5BF}.Debug|Any CPU.ActiveCfg = Debug|Any CPU
		{D709B81F-B6F6-4ED0-8300-B4B1A656F5BF}.Debug|Any CPU.Build.0 = Debug|Any CPU
		{D709B81F-B6F6-4ED0-8300-B4B1A656F5BF}.Release|Any CPU.ActiveCfg = Release|Any CPU
		{D709B81F-B6F6-4ED0-8300-B4B1A656F5BF}.Release|Any CPU.Build.0 = Release|Any CPU
	EndGlobalSection
	GlobalSection(SolutionProperties) = preSolution
		HideSolutionNode = FALSE
	EndGlobalSection
	GlobalSection(ExtensibilityGlobals) = postSolution
		SolutionGuid = {C50400A1-55BB-4417-ADED-8CEB7A04AA98}
	EndGlobalSection
EndGlobal
